// !$*UTF8*$!
{
	archiveVersion = 1;
	classes = {
	};
	objectVersion = 50;
	objects = {

/* Begin PBXBuildFile section */
		601261F521A6961F00EA8532 /* main.swift in Sources */ = {isa = PBXBuildFile; fileRef = 601261F421A6961F00EA8532 /* main.swift */; };
		6096342721A8671F00EB0ADE /* CDMADecoder.swift in Sources */ = {isa = PBXBuildFile; fileRef = 6096342621A8671F00EB0ADE /* CDMADecoder.swift */; };
		60DEF20421A7F7A000CC7935 /* GoldCodeGenerator.swift in Sources */ = {isa = PBXBuildFile; fileRef = 60DEF20321A7F7A000CC7935 /* GoldCodeGenerator.swift */; };
		60DEF20F21A8016B00CC7935 /* EmbeddedLab3Test.swift in Sources */ = {isa = PBXBuildFile; fileRef = 60DEF20E21A8016B00CC7935 /* EmbeddedLab3Test.swift */; };
		60DEF21421A8020200CC7935 /* GoldCodeGenerator.swift in Sources */ = {isa = PBXBuildFile; fileRef = 60DEF20321A7F7A000CC7935 /* GoldCodeGenerator.swift */; };
/* End PBXBuildFile section */

/* Begin PBXCopyFilesBuildPhase section */
		601261EF21A6961F00EA8532 /* CopyFiles */ = {
			isa = PBXCopyFilesBuildPhase;
			buildActionMask = 2147483647;
			dstPath = /usr/share/man/man1/;
			dstSubfolderSpec = 0;
			files = (
			);
			runOnlyForDeploymentPostprocessing = 1;
		};
/* End PBXCopyFilesBuildPhase section */

/* Begin PBXFileReference section */
		601261F121A6961F00EA8532 /* EmbeddedLab3 */ = {isa = PBXFileReference; explicitFileType = "compiled.mach-o.executable"; includeInIndex = 0; path = EmbeddedLab3; sourceTree = BUILT_PRODUCTS_DIR; };
		601261F421A6961F00EA8532 /* main.swift */ = {isa = PBXFileReference; lastKnownFileType = sourcecode.swift; path = main.swift; sourceTree = "<group>"; };
		6096342621A8671F00EB0ADE /* CDMADecoder.swift */ = {isa = PBXFileReference; lastKnownFileType = sourcecode.swift; path = CDMADecoder.swift; sourceTree = "<group>"; };
		60DEF20321A7F7A000CC7935 /* GoldCodeGenerator.swift */ = {isa = PBXFileReference; lastKnownFileType = sourcecode.swift; path = GoldCodeGenerator.swift; sourceTree = "<group>"; };
		60DEF20C21A8016B00CC7935 /* EmbeddedLab3Test.xctest */ = {isa = PBXFileReference; explicitFileType = wrapper.cfbundle; includeInIndex = 0; path = EmbeddedLab3Test.xctest; sourceTree = BUILT_PRODUCTS_DIR; };
		60DEF20E21A8016B00CC7935 /* EmbeddedLab3Test.swift */ = {isa = PBXFileReference; lastKnownFileType = sourcecode.swift; path = EmbeddedLab3Test.swift; sourceTree = "<group>"; };
		60DEF21021A8016B00CC7935 /* Info.plist */ = {isa = PBXFileReference; lastKnownFileType = text.plist.xml; path = Info.plist; sourceTree = "<group>"; };
/* End PBXFileReference section */

/* Begin PBXFrameworksBuildPhase section */
		601261EE21A6961F00EA8532 /* Frameworks */ = {
			isa = PBXFrameworksBuildPhase;
			buildActionMask = 2147483647;
			files = (
			);
			runOnlyForDeploymentPostprocessing = 0;
		};
		60DEF20921A8016B00CC7935 /* Frameworks */ = {
			isa = PBXFrameworksBuildPhase;
			buildActionMask = 2147483647;
			files = (
			);
			runOnlyForDeploymentPostprocessing = 0;
		};
/* End PBXFrameworksBuildPhase section */

/* Begin PBXGroup section */
		601261E821A6961F00EA8532 = {
			isa = PBXGroup;
			children = (
				601261F321A6961F00EA8532 /* EmbeddedLab3 */,
				60DEF20D21A8016B00CC7935 /* EmbeddedLab3Test */,
				601261F221A6961F00EA8532 /* Products */,
			);
			sourceTree = "<group>";
		};
		601261F221A6961F00EA8532 /* Products */ = {
			isa = PBXGroup;
			children = (
				601261F121A6961F00EA8532 /* EmbeddedLab3 */,
				60DEF20C21A8016B00CC7935 /* EmbeddedLab3Test.xctest */,
			);
			name = Products;
			sourceTree = "<group>";
		};
		601261F321A6961F00EA8532 /* EmbeddedLab3 */ = {
			isa = PBXGroup;
			children = (
				601261F421A6961F00EA8532 /* main.swift */,
				60DEF20321A7F7A000CC7935 /* GoldCodeGenerator.swift */,
				6096342621A8671F00EB0ADE /* CDMADecoder.swift */,
			);
			path = EmbeddedLab3;
			sourceTree = "<group>";
		};
		60DEF20D21A8016B00CC7935 /* EmbeddedLab3Test */ = {
			isa = PBXGroup;
			children = (
				60DEF20E21A8016B00CC7935 /* EmbeddedLab3Test.swift */,
				60DEF21021A8016B00CC7935 /* Info.plist */,
			);
			path = EmbeddedLab3Test;
			sourceTree = "<group>";
		};
/* End PBXGroup section */

/* Begin PBXNativeTarget section */
		601261F021A6961F00EA8532 /* EmbeddedLab3 */ = {
			isa = PBXNativeTarget;
			buildConfigurationList = 601261F821A6961F00EA8532 /* Build configuration list for PBXNativeTarget "EmbeddedLab3" */;
			buildPhases = (
				601261ED21A6961F00EA8532 /* Sources */,
				601261EE21A6961F00EA8532 /* Frameworks */,
				601261EF21A6961F00EA8532 /* CopyFiles */,
			);
			buildRules = (
			);
			dependencies = (
			);
			name = EmbeddedLab3;
			productName = EmbeddedLab3;
			productReference = 601261F121A6961F00EA8532 /* EmbeddedLab3 */;
			productType = "com.apple.product-type.tool";
		};
		60DEF20B21A8016B00CC7935 /* EmbeddedLab3Test */ = {
			isa = PBXNativeTarget;
			buildConfigurationList = 60DEF21121A8016B00CC7935 /* Build configuration list for PBXNativeTarget "EmbeddedLab3Test" */;
			buildPhases = (
				60DEF20821A8016B00CC7935 /* Sources */,
				60DEF20921A8016B00CC7935 /* Frameworks */,
				60DEF20A21A8016B00CC7935 /* Resources */,
			);
			buildRules = (
			);
			dependencies = (
			);
			name = EmbeddedLab3Test;
			productName = EmbeddedLab3Test;
			productReference = 60DEF20C21A8016B00CC7935 /* EmbeddedLab3Test.xctest */;
			productType = "com.apple.product-type.bundle.unit-test";
		};
/* End PBXNativeTarget section */

/* Begin PBXProject section */
		601261E921A6961F00EA8532 /* Project object */ = {
			isa = PBXProject;
			attributes = {
				LastSwiftUpdateCheck = 1010;
				LastUpgradeCheck = 1010;
				ORGANIZATIONNAME = "Gil Biren";
				TargetAttributes = {
					601261F021A6961F00EA8532 = {
						CreatedOnToolsVersion = 10.1;
					};
					60DEF20B21A8016B00CC7935 = {
						CreatedOnToolsVersion = 10.1;
					};
				};
			};
			buildConfigurationList = 601261EC21A6961F00EA8532 /* Build configuration list for PBXProject "EmbeddedLab3" */;
			compatibilityVersion = "Xcode 9.3";
			developmentRegion = en;
			hasScannedForEncodings = 0;
			knownRegions = (
				en,
			);
			mainGroup = 601261E821A6961F00EA8532;
			productRefGroup = 601261F221A6961F00EA8532 /* Products */;
			projectDirPath = "";
			projectRoot = "";
			targets = (
				601261F021A6961F00EA8532 /* EmbeddedLab3 */,
				60DEF20B21A8016B00CC7935 /* EmbeddedLab3Test */,
			);
		};
/* End PBXProject section */

/* Begin PBXResourcesBuildPhase section */
		60DEF20A21A8016B00CC7935 /* Resources */ = {
			isa = PBXResourcesBuildPhase;
			buildActionMask = 2147483647;
			files = (
			);
			runOnlyForDeploymentPostprocessing = 0;
		};
/* End PBXResourcesBuildPhase section */

/* Begin PBXSourcesBuildPhase section */
		601261ED21A6961F00EA8532 /* Sources */ = {
			isa = PBXSourcesBuildPhase;
			buildActionMask = 2147483647;
			files = (
				60DEF20421A7F7A000CC7935 /* GoldCodeGenerator.swift in Sources */,
				6096342721A8671F00EB0ADE /* CDMADecoder.swift in Sources */,
				601261F521A6961F00EA8532 /* main.swift in Sources */,
			);
			runOnlyForDeploymentPostprocessing = 0;
		};
		60DEF20821A8016B00CC7935 /* Sources */ = {
			isa = PBXSourcesBuildPhase;
			buildActionMask = 2147483647;
			files = (
				60DEF21421A8020200CC7935 /* GoldCodeGenerator.swift in Sources */,
				60DEF20F21A8016B00CC7935 /* EmbeddedLab3Test.swift in Sources */,
			);
			runOnlyForDeploymentPostprocessing = 0;
		};
/* End PBXSourcesBuildPhase section */

/* Begin XCBuildConfiguration section */
		601261F621A6961F00EA8532 /* Debug */ = {
			isa = XCBuildConfiguration;
			buildSettings = {
				ALWAYS_SEARCH_USER_PATHS = NO;
				CLANG_ANALYZER_NONNULL = YES;
				CLANG_ANALYZER_NUMBER_OBJECT_CONVERSION = YES_AGGRESSIVE;
				CLANG_CXX_LANGUAGE_STANDARD = "gnu++14";
				CLANG_CXX_LIBRARY = "libc++";
				CLANG_ENABLE_MODULES = YES;
				CLANG_ENABLE_OBJC_ARC = YES;
				CLANG_ENABLE_OBJC_WEAK = YES;
				CLANG_WARN_BLOCK_CAPTURE_AUTORELEASING = YES;
				CLANG_WARN_BOOL_CONVERSION = YES;
				CLANG_WARN_COMMA = YES;
				CLANG_WARN_CONSTANT_CONVERSION = YES;
				CLANG_WARN_DEPRECATED_OBJC_IMPLEMENTATIONS = YES;
				CLANG_WARN_DIRECT_OBJC_ISA_USAGE = YES_ERROR;
				CLANG_WARN_DOCUMENTATION_COMMENTS = YES;
				CLANG_WARN_EMPTY_BODY = YES;
				CLANG_WARN_ENUM_CONVERSION = YES;
				CLANG_WARN_INFINITE_RECURSION = YES;
				CLANG_WARN_INT_CONVERSION = YES;
				CLANG_WARN_NON_LITERAL_NULL_CONVERSION = YES;
				CLANG_WARN_OBJC_IMPLICIT_RETAIN_SELF = YES;
				CLANG_WARN_OBJC_LITERAL_CONVERSION = YES;
				CLANG_WARN_OBJC_ROOT_CLASS = YES_ERROR;
				CLANG_WARN_RANGE_LOOP_ANALYSIS = YES;
				CLANG_WARN_STRICT_PROTOTYPES = YES;
				CLANG_WARN_SUSPICIOUS_MOVE = YES;
				CLANG_WARN_UNGUARDED_AVAILABILITY = YES_AGGRESSIVE;
				CLANG_WARN_UNREACHABLE_CODE = YES;
				CLANG_WARN__DUPLICATE_METHOD_MATCH = YES;
				CODE_SIGN_IDENTITY = "Mac Developer";
				COPY_PHASE_STRIP = NO;
				DEBUG_INFORMATION_FORMAT = dwarf;
				ENABLE_STRICT_OBJC_MSGSEND = YES;
				ENABLE_TESTABILITY = YES;
				GCC_C_LANGUAGE_STANDARD = gnu11;
				GCC_DYNAMIC_NO_PIC = NO;
				GCC_NO_COMMON_BLOCKS = YES;
				GCC_OPTIMIZATION_LEVEL = 0;
				GCC_PREPROCESSOR_DEFINITIONS = (
					"DEBUG=1",
					"$(inherited)",
				);
				GCC_WARN_64_TO_32_BIT_CONVERSION = YES;
				GCC_WARN_ABOUT_RETURN_TYPE = YES_ERROR;
				GCC_WARN_UNDECLARED_SELECTOR = YES;
				GCC_WARN_UNINITIALIZED_AUTOS = YES_AGGRESSIVE;
				GCC_WARN_UNUSED_FUNCTION = YES;
				GCC_WARN_UNUSED_VARIABLE = YES;
				MACOSX_DEPLOYMENT_TARGET = 10.13;
				MTL_ENABLE_DEBUG_INFO = INCLUDE_SOURCE;
				MTL_FAST_MATH = YES;
				ONLY_ACTIVE_ARCH = YES;
				SDKROOT = macosx;
				SWIFT_ACTIVE_COMPILATION_CONDITIONS = DEBUG;
				SWIFT_OPTIMIZATION_LEVEL = "-Onone";
			};
			name = Debug;
		};
		601261F721A6961F00EA8532 /* Release */ = {
			isa = XCBuildConfiguration;
			buildSettings = {
				ALWAYS_SEARCH_USER_PATHS = NO;
				CLANG_ANALYZER_NONNULL = YES;
				CLANG_ANALYZER_NUMBER_OBJECT_CONVERSION = YES_AGGRESSIVE;
				CLANG_CXX_LANGUAGE_STANDARD = "gnu++14";
				CLANG_CXX_LIBRARY = "libc++";
				CLANG_ENABLE_MODULES = YES;
				CLANG_ENABLE_OBJC_ARC = YES;
				CLANG_ENABLE_OBJC_WEAK = YES;
				CLANG_WARN_BLOCK_CAPTURE_AUTORELEASING = YES;
				CLANG_WARN_BOOL_CONVERSION = YES;
				CLANG_WARN_COMMA = YES;
				CLANG_WARN_CONSTANT_CONVERSION = YES;
				CLANG_WARN_DEPRECATED_OBJC_IMPLEMENTATIONS = YES;
				CLANG_WARN_DIRECT_OBJC_ISA_USAGE = YES_ERROR;
				CLANG_WARN_DOCUMENTATION_COMMENTS = YES;
				CLANG_WARN_EMPTY_BODY = YES;
				CLANG_WARN_ENUM_CONVERSION = YES;
				CLANG_WARN_INFINITE_RECURSION = YES;
				CLANG_WARN_INT_CONVERSION = YES;
				CLANG_WARN_NON_LITERAL_NULL_CONVERSION = YES;
				CLANG_WARN_OBJC_IMPLICIT_RETAIN_SELF = YES;
				CLANG_WARN_OBJC_LITERAL_CONVERSION = YES;
				CLANG_WARN_OBJC_ROOT_CLASS = YES_ERROR;
				CLANG_WARN_RANGE_LOOP_ANALYSIS = YES;
				CLANG_WARN_STRICT_PROTOTYPES = YES;
				CLANG_WARN_SUSPICIOUS_MOVE = YES;
				CLANG_WARN_UNGUARDED_AVAILABILITY = YES_AGGRESSIVE;
				CLANG_WARN_UNREACHABLE_CODE = YES;
				CLANG_WARN__DUPLICATE_METHOD_MATCH = YES;
				CODE_SIGN_IDENTITY = "Mac Developer";
				COPY_PHASE_STRIP = NO;
				DEBUG_INFORMATION_FORMAT = "dwarf-with-dsym";
				ENABLE_NS_ASSERTIONS = NO;
				ENABLE_STRICT_OBJC_MSGSEND = YES;
				GCC_C_LANGUAGE_STANDARD = gnu11;
				GCC_NO_COMMON_BLOCKS = YES;
				GCC_WARN_64_TO_32_BIT_CONVERSION = YES;
				GCC_WARN_ABOUT_RETURN_TYPE = YES_ERROR;
				GCC_WARN_UNDECLARED_SELECTOR = YES;
				GCC_WARN_UNINITIALIZED_AUTOS = YES_AGGRESSIVE;
				GCC_WARN_UNUSED_FUNCTION = YES;
				GCC_WARN_UNUSED_VARIABLE = YES;
				MACOSX_DEPLOYMENT_TARGET = 10.13;
				MTL_ENABLE_DEBUG_INFO = NO;
				MTL_FAST_MATH = YES;
				SDKROOT = macosx;
				SWIFT_COMPILATION_MODE = wholemodule;
				SWIFT_OPTIMIZATION_LEVEL = "-O";
			};
			name = Release;
		};
		601261F921A6961F00EA8532 /* Debug */ = {
			isa = XCBuildConfiguration;
			buildSettings = {
				CODE_SIGN_STYLE = Automatic;
				DEVELOPMENT_TEAM = JL49JUQVB9;
				PRODUCT_NAME = "$(TARGET_NAME)";
				SWIFT_VERSION = 4.2;
			};
			name = Debug;
		};
		601261FA21A6961F00EA8532 /* Release */ = {
			isa = XCBuildConfiguration;
			buildSettings = {
				CODE_SIGN_STYLE = Automatic;
				DEVELOPMENT_TEAM = JL49JUQVB9;
				PRODUCT_NAME = "$(TARGET_NAME)";
				SWIFT_VERSION = 4.2;
			};
			name = Release;
		};
		60DEF21221A8016B00CC7935 /* Debug */ = {
			isa = XCBuildConfiguration;
			buildSettings = {
				CODE_SIGN_STYLE = Automatic;
				COMBINE_HIDPI_IMAGES = YES;
				DEVELOPMENT_TEAM = JL49JUQVB9;
				INFOPLIST_FILE = EmbeddedLab3Test/Info.plist;
				LD_RUNPATH_SEARCH_PATHS = (
					"$(inherited)",
					"@executable_path/../Frameworks",
					"@loader_path/../Frameworks",
				);
				PRODUCT_BUNDLE_IDENTIFIER = "de.hs-karlsruhe.-EmbeddedLab3.EmbeddedLab3Test";
				PRODUCT_NAME = "$(TARGET_NAME)";
				SWIFT_VERSION = 4.2;
			};
			name = Debug;
		};
		60DEF21321A8016B00CC7935 /* Release */ = {
			isa = XCBuildConfiguration;
			buildSettings = {
				CODE_SIGN_STYLE = Automatic;
				COMBINE_HIDPI_IMAGES = YES;
				DEVELOPMENT_TEAM = JL49JUQVB9;
				INFOPLIST_FILE = EmbeddedLab3Test/Info.plist;
				LD_RUNPATH_SEARCH_PATHS = (
					"$(inherited)",
					"@executable_path/../Frameworks",
					"@loader_path/../Frameworks",
				);
				PRODUCT_BUNDLE_IDENTIFIER = "de.hs-karlsruhe.-EmbeddedLab3.EmbeddedLab3Test";
				PRODUCT_NAME = "$(TARGET_NAME)";
				SWIFT_VERSION = 4.2;
			};
			name = Release;
		};
/* End XCBuildConfiguration section */

/* Begin XCConfigurationList section */
		601261EC21A6961F00EA8532 /* Build configuration list for PBXProject "EmbeddedLab3" */ = {
			isa = XCConfigurationList;
			buildConfigurations = (
				601261F621A6961F00EA8532 /* Debug */,
				601261F721A6961F00EA8532 /* Release */,
			);
			defaultConfigurationIsVisible = 0;
			defaultConfigurationName = Release;
		};
		601261F821A6961F00EA8532 /* Build configuration list for PBXNativeTarget "EmbeddedLab3" */ = {
			isa = XCConfigurationList;
			buildConfigurations = (
				601261F921A6961F00EA8532 /* Debug */,
				601261FA21A6961F00EA8532 /* Release */,
			);
			defaultConfigurationIsVisible = 0;
			defaultConfigurationName = Release;
		};
		60DEF21121A8016B00CC7935 /* Build configuration list for PBXNativeTarget "EmbeddedLab3Test" */ = {
			isa = XCConfigurationList;
			buildConfigurations = (
				60DEF21221A8016B00CC7935 /* Debug */,
				60DEF21321A8016B00CC7935 /* Release */,
			);
			defaultConfigurationIsVisible = 0;
			defaultConfigurationName = Release;
		};
/* End XCConfigurationList section */
	};
	rootObject = 601261E921A6961F00EA8532 /* Project object */;
}
